<?xml version="1.0" encoding="utf-8"?>
<Project ToolsVersion="4.0" xmlns="http://schemas.microsoft.com/developer/msbuild/2003">
  <ItemGroup>
    <Filter Include="ソース ファイル">
      <UniqueIdentifier>{4FC737F1-C7A5-4376-A066-2A32D752A2FF}</UniqueIdentifier>
      <Extensions>cpp;c;cc;cxx;def;odl;idl;hpj;bat;asm;asmx</Extensions>
    </Filter>
    <Filter Include="ヘッダー ファイル">
      <UniqueIdentifier>{93995380-89BD-4b04-88EB-625FBE52EBFB}</UniqueIdentifier>
      <Extensions>h;hh;hpp;hxx;hm;inl;inc;ipp;xsd</Extensions>
    </Filter>
    <Filter Include="リソース ファイル">
      <UniqueIdentifier>{67DA6AB6-F800-4c08-8B7A-83BB121AAD01}</UniqueIdentifier>
      <Extensions>rc;ico;cur;bmp;dlg;rc2;rct;bin;rgs;gif;jpg;jpeg;jpe;resx;tiff;tif;png;wav;mfcribbon-ms</Extensions>
    </Filter>
    <Filter Include="Game">
      <UniqueIdentifier>{f722fd5a-c1be-4666-bef4-80190b71bc56}</UniqueIdentifier>
    </Filter>
    <Filter Include="Library">
      <UniqueIdentifier>{73e9cd42-0006-44f6-a74a-d8350cf9a911}</UniqueIdentifier>
    </Filter>
    <Filter Include="Scene">
      <UniqueIdentifier>{ccc0247c-687a-463f-998e-308082a1501e}</UniqueIdentifier>
    </Filter>
  </ItemGroup>
  <ItemGroup>
    <ClCompile Include="Main.cpp">
      <Filter>ソース ファイル</Filter>
    </ClCompile>
    <ClCompile Include="Library\Counter.cpp">
      <Filter>Library</Filter>
    </ClCompile>
    <ClCompile Include="Library\DebugProcess.cpp">
      <Filter>Library</Filter>
    </ClCompile>
    <ClCompile Include="Library\Fade.cpp">
      <Filter>Library</Filter>
    </ClCompile>
    <ClCompile Include="Library\Input.cpp">
      <Filter>Library</Filter>
    </ClCompile>
    <ClCompile Include="Library\Light.cpp">
      <Filter>Library</Filter>
    </ClCompile>
    <ClCompile Include="Library\Loading.cpp">
      <Filter>Library</Filter>
    </ClCompile>
    <ClCompile Include="Library\ObjectBase2D.cpp">
      <Filter>Library</Filter>
    </ClCompile>
    <ClCompile Include="Library\ObjectBase3D.cpp">
      <Filter>Library</Filter>
    </ClCompile>
    <ClCompile Include="Library\Sound.cpp">
      <Filter>Library</Filter>
    </ClCompile>
    <ClCompile Include="Title.cpp">
      <Filter>Scene</Filter>
    </ClCompile>
    <ClCompile Include="Result.cpp">
      <Filter>Scene</Filter>
    </ClCompile>
    <ClCompile Include="Library\Camera.cpp">
      <Filter>Library</Filter>
    </ClCompile>
  </ItemGroup>
  <ItemGroup>
    <ClInclude Include="Main.h">
      <Filter>ヘッダー ファイル</Filter>
    </ClInclude>
    <ClInclude Include="Library\Counter.h">
      <Filter>Library</Filter>
    </ClInclude>
    <ClInclude Include="Library\DebugProcess.h">
      <Filter>Library</Filter>
    </ClInclude>
    <ClInclude Include="Library\Fade.h">
      <Filter>Library</Filter>
    </ClInclude>
    <ClInclude Include="Library\Input.h">
      <Filter>Library</Filter>
    </ClInclude>
    <ClInclude Include="Library\Light.h">
      <Filter>Library</Filter>
    </ClInclude>
    <ClInclude Include="Library\LinkLibrary.h">
      <Filter>Library</Filter>
    </ClInclude>
    <ClInclude Include="Library\Loading.h">
      <Filter>Library</Filter>
    </ClInclude>
    <ClInclude Include="Library\Math.h">
      <Filter>Library</Filter>
    </ClInclude>
    <ClInclude Include="Library\ObjectBase2D.h">
      <Filter>Library</Filter>
    </ClInclude>
    <ClInclude Include="Library\ObjectBase3D.h">
      <Filter>Library</Filter>
    </ClInclude>
    <ClInclude Include="Library\Sound.h">
      <Filter>Library</Filter>
    </ClInclude>
    <ClInclude Include="Result.h">
      <Filter>Scene</Filter>
    </ClInclude>
    <ClInclude Include="Title.h">
      <Filter>Scene</Filter>
    </ClInclude>
    <ClInclude Include="Library\Camera.h">
      <Filter>Library</Filter>
    </ClInclude>
  </ItemGroup>
</Project>