<?xml version="1.0" encoding="utf-8"?>
<Project ToolsVersion="4.0" xmlns="http://schemas.microsoft.com/developer/msbuild/2003">
  <ItemGroup>
    <Filter Include="ソース ファイル">
      <UniqueIdentifier>{4FC737F1-C7A5-4376-A066-2A32D752A2FF}</UniqueIdentifier>
      <Extensions>cpp;c;cc;cxx;def;odl;idl;hpj;bat;asm;asmx</Extensions>
    </Filter>
    <Filter Include="ヘッダー ファイル">
      <UniqueIdentifier>{93995380-89BD-4b04-88EB-625FBE52EBFB}</UniqueIdentifier>
      <Extensions>h;hh;hpp;hxx;hm;inl;inc;ipp;xsd</Extensions>
    </Filter>
    <Filter Include="リソース ファイル">
      <UniqueIdentifier>{67DA6AB6-F800-4c08-8B7A-83BB121AAD01}</UniqueIdentifier>
      <Extensions>rc;ico;cur;bmp;dlg;rc2;rct;bin;rgs;gif;jpg;jpeg;jpe;resx;tiff;tif;png;wav;mfcribbon-ms</Extensions>
    </Filter>
    <Filter Include="Scene">
      <UniqueIdentifier>{0c38a54f-3724-4814-94bb-7fdcd57182ec}</UniqueIdentifier>
    </Filter>
    <Filter Include="GameSys">
      <UniqueIdentifier>{a7c455c5-d077-40dc-b1f2-c8ef44e695e8}</UniqueIdentifier>
    </Filter>
    <Filter Include="GameSys\Object">
      <UniqueIdentifier>{a993de95-0ab3-4cda-bdc2-00e7e27fb1b6}</UniqueIdentifier>
    </Filter>
    <Filter Include="GameSys\Object\Player">
      <UniqueIdentifier>{be8a4561-b319-4f73-ab2e-1b2694c9308c}</UniqueIdentifier>
    </Filter>
    <Filter Include="_Library">
      <UniqueIdentifier>{9ebe14d6-630f-4ef7-823c-7ea4217a4515}</UniqueIdentifier>
    </Filter>
    <Filter Include="GameSys\Object\Enemy">
      <UniqueIdentifier>{7a06889c-3fde-4c4e-864b-256b606f48ea}</UniqueIdentifier>
    </Filter>
  </ItemGroup>
  <ItemGroup>
    <ClCompile Include="Main.cpp">
      <Filter>ソース ファイル</Filter>
    </ClCompile>
    <ClCompile Include="Result.cpp">
      <Filter>Scene</Filter>
    </ClCompile>
    <ClCompile Include="Title.cpp">
      <Filter>Scene</Filter>
    </ClCompile>
    <ClCompile Include="Library\DebugProcess.cpp">
      <Filter>_Library</Filter>
    </ClCompile>
    <ClCompile Include="Library\Fade.cpp">
      <Filter>_Library</Filter>
    </ClCompile>
    <ClCompile Include="Library\Input.cpp">
      <Filter>_Library</Filter>
    </ClCompile>
    <ClCompile Include="Library\Light.cpp">
      <Filter>_Library</Filter>
    </ClCompile>
    <ClCompile Include="Library\Loading.cpp">
      <Filter>_Library</Filter>
    </ClCompile>
    <ClCompile Include="Library\ObjectBase2D.cpp">
      <Filter>_Library</Filter>
    </ClCompile>
    <ClCompile Include="Library\ObjectBase3D.cpp">
      <Filter>_Library</Filter>
    </ClCompile>
    <ClCompile Include="Library\Sound.cpp">
      <Filter>_Library</Filter>
    </ClCompile>
    <ClCompile Include="Library\Camera.cpp">
      <Filter>_Library</Filter>
    </ClCompile>
    <ClCompile Include="Library\Counter.cpp">
      <Filter>_Library</Filter>
    </ClCompile>
    <ClCompile Include="Library\WindowClass.cpp">
      <Filter>_Library</Filter>
    </ClCompile>
    <ClCompile Include="Player.cpp">
      <Filter>GameSys\Object\Player</Filter>
    </ClCompile>
    <ClCompile Include="Library\FPSManager.cpp">
      <Filter>_Library</Filter>
    </ClCompile>
    <ClCompile Include="Library\Direct3D.cpp">
      <Filter>_Library</Filter>
    </ClCompile>
    <ClCompile Include="Library\Common.cpp">
      <Filter>_Library</Filter>
    </ClCompile>
    <ClCompile Include="Library\TsuLibSystem.cpp">
      <Filter>ソース ファイル</Filter>
    </ClCompile>
    <ClCompile Include="Library\Texture.cpp">
      <Filter>_Library</Filter>
    </ClCompile>
    <ClCompile Include="Library\Polygon.cpp">
      <Filter>_Library</Filter>
    </ClCompile>
    <ClCompile Include="Library\Vector.cpp">
      <Filter>_Library</Filter>
    </ClCompile>
    <ClCompile Include="Library\Matrix.cpp">
      <Filter>_Library</Filter>
    </ClCompile>
    <ClCompile Include="SceneManager.cpp">
      <Filter>Scene</Filter>
    </ClCompile>
    <ClCompile Include="GameManager.cpp">
      <Filter>GameSys</Filter>
    </ClCompile>
    <ClCompile Include="Library\Dx9Font.cpp">
      <Filter>_Library</Filter>
    </ClCompile>
    <ClCompile Include="Library\Dx9Line.cpp">
      <Filter>_Library</Filter>
    </ClCompile>
    <ClCompile Include="Enemy.cpp">
      <Filter>GameSys\Object\Enemy</Filter>
    </ClCompile>
  </ItemGroup>
  <ItemGroup>
    <ClInclude Include="Result.h">
      <Filter>Scene</Filter>
    </ClInclude>
    <ClInclude Include="Title.h">
      <Filter>Scene</Filter>
    </ClInclude>
    <ClInclude Include="Library\Counter.h">
      <Filter>_Library</Filter>
    </ClInclude>
    <ClInclude Include="Library\DebugProcess.h">
      <Filter>_Library</Filter>
    </ClInclude>
    <ClInclude Include="Library\Fade.h">
      <Filter>_Library</Filter>
    </ClInclude>
    <ClInclude Include="Library\Input.h">
      <Filter>_Library</Filter>
    </ClInclude>
    <ClInclude Include="Library\Light.h">
      <Filter>_Library</Filter>
    </ClInclude>
    <ClInclude Include="Library\Loading.h">
      <Filter>_Library</Filter>
    </ClInclude>
    <ClInclude Include="Library\Math.h">
      <Filter>_Library</Filter>
    </ClInclude>
    <ClInclude Include="Library\ObjectBase2D.h">
      <Filter>_Library</Filter>
    </ClInclude>
    <ClInclude Include="Library\ObjectBase3D.h">
      <Filter>_Library</Filter>
    </ClInclude>
    <ClInclude Include="Library\Sound.h">
      <Filter>_Library</Filter>
    </ClInclude>
    <ClInclude Include="Library\Camera.h">
      <Filter>_Library</Filter>
    </ClInclude>
    <ClInclude Include="Library\WindowClass.h">
      <Filter>_Library</Filter>
    </ClInclude>
    <ClInclude Include="Player.h">
      <Filter>GameSys\Object\Player</Filter>
    </ClInclude>
    <ClInclude Include="Library\FPSManager.h">
      <Filter>_Library</Filter>
    </ClInclude>
    <ClInclude Include="Library\Direct3D.h">
      <Filter>_Library</Filter>
    </ClInclude>
    <ClInclude Include="Library\Common.h">
      <Filter>_Library</Filter>
    </ClInclude>
    <ClInclude Include="Library\TsuLibSystem.h">
      <Filter>ヘッダー ファイル</Filter>
    </ClInclude>
    <ClInclude Include="Library\Texture.h">
      <Filter>_Library</Filter>
    </ClInclude>
    <ClInclude Include="Library\Polygon.h">
      <Filter>_Library</Filter>
    </ClInclude>
    <ClInclude Include="Library\Vector.h">
      <Filter>_Library</Filter>
    </ClInclude>
    <ClInclude Include="Library\Color.h">
      <Filter>_Library</Filter>
    </ClInclude>
    <ClInclude Include="Library\Matrix.h">
      <Filter>_Library</Filter>
    </ClInclude>
    <ClInclude Include="SceneManager.h">
      <Filter>Scene</Filter>
    </ClInclude>
    <ClInclude Include="GameManager.h">
      <Filter>GameSys</Filter>
    </ClInclude>
    <ClInclude Include="resource.h">
      <Filter>ヘッダー ファイル</Filter>
    </ClInclude>
    <ClInclude Include="Library\Dx9Font.h">
      <Filter>_Library</Filter>
    </ClInclude>
    <ClInclude Include="Library\Dx9Line.h">
      <Filter>_Library</Filter>
    </ClInclude>
    <ClInclude Include="Enemy.h">
      <Filter>GameSys\Object\Enemy</Filter>
    </ClInclude>
  </ItemGroup>
  <ItemGroup>
    <ResourceCompile Include="白紅プロジェクト.rc">
      <Filter>リソース ファイル</Filter>
    </ResourceCompile>
  </ItemGroup>
  <ItemGroup>
    <Image Include="Icon.ico">
      <Filter>リソース ファイル</Filter>
    </Image>
  </ItemGroup>
</Project>